
Microsoft Visual Studio Solution File, Format Version 12.00
# Visual Studio Version 17
VisualStudioVersion = 17.5.33530.505
MinimumVisualStudioVersion = 10.0.40219.1
Project("{FAE04EC0-301F-11D3-BF4B-00C04F79EFBC}") = "Conceitosbasicos_LTP2_BrunoJacob", "Conceitosbasicos_LTP2_BrunoJacob\Conceitosbasicos_LTP2_BrunoJacob.csproj", "{40CFD611-69EF-49C5-AE1B-4A7A26F12CB0}"
EndProject
Global
	GlobalSection(SolutionConfigurationPlatforms) = preSolution
		Debug|Any CPU = Debug|Any CPU
		Release|Any CPU = Release|Any CPU
	EndGlobalSection
	GlobalSection(ProjectConfigurationPlatforms) = postSolution
		{40CFD611-69EF-49C5-AE1B-4A7A26F12CB0}.Debug|Any CPU.ActiveCfg = Debug|Any CPU
		{40CFD611-69EF-49C5-AE1B-4A7A26F12CB0}.Debug|Any CPU.Build.0 = Debug|Any CPU
		{40CFD611-69EF-49C5-AE1B-4A7A26F12CB0}.Release|Any CPU.ActiveCfg = Release|Any CPU
		{40CFD611-69EF-49C5-AE1B-4A7A26F12CB0}.Release|Any CPU.Build.0 = Release|Any CPU
	EndGlobalSection
	GlobalSection(SolutionProperties) = preSolution
		HideSolutionNode = FALSE
	EndGlobalSection
	GlobalSection(ExtensibilityGlobals) = postSolution
		SolutionGuid = {D01CAFB5-EF87-4A55-9730-4ADB204DF9E0}
	EndGlobalSection
EndGlobal
